# This file is automatically @generated by Poetry 1.8.5 and should not be changed by hand.

[[package]]
name = "codespell"
version = "2.4.1"
description = "Fix common misspellings in text files"
optional = false
python-versions = ">=3.8"
files = [
    {file = "codespell-2.4.1-py3-none-any.whl", hash = "sha256:3dadafa67df7e4a3dbf51e0d7315061b80d265f9552ebd699b3dd6834b47e425"},
    {file = "codespell-2.4.1.tar.gz", hash = "sha256:299fcdcb09d23e81e35a671bbe746d5ad7e8385972e65dbb833a2eaac33c01e5"},
]

[package.extras]
dev = ["Pygments", "build", "chardet", "pre-commit", "pytest", "pytest-cov", "pytest-dependency", "ruff", "tomli", "twine"]
hard-encoding-detection = ["chardet"]
toml = ["tomli"]
types = ["chardet (>=5.1.0)", "mypy", "pytest", "pytest-cov", "pytest-dependency"]

[metadata]
lock-version = "2.0"
python-versions = "^3.9"
content-hash = "39f2a7aa08c298a74012bbe3426926d49b5c4d49b1d2b0f2ec46882239ec29e1"
