# This file is automatically @generated by Poetry 1.8.5 and should not be changed by hand.

[[package]]
name = "codespell"
version = "2.4.0"
description = "Fix common misspellings in text files"
optional = false
python-versions = ">=3.8"
files = [
    {file = "codespell-2.4.0-py3-none-any.whl", hash = "sha256:b4c5b779f747dd481587aeecb5773301183f52b94b96ed51a28126d0482eec1d"},
    {file = "codespell-2.4.0.tar.gz", hash = "sha256:587d45b14707fb8ce51339ba4cce50ae0e98ce228ef61f3c5e160e34f681be58"},
]

[package.extras]
dev = ["Pygments", "build", "chardet", "pre-commit", "pytest", "pytest-cov", "pytest-dependency", "ruff", "tomli", "twine"]
hard-encoding-detection = ["chardet"]
toml = ["tomli"]
types = ["chardet (>=5.1.0)", "mypy", "pytest", "pytest-cov", "pytest-dependency"]

[metadata]
lock-version = "2.0"
python-versions = "^3.9"
content-hash = "aafbf36b75394b3855138989905de821ed4bf56985464b49e69905f34655fb16"
