# This file is automatically @generated by Poetry and should not be changed by hand.

[[package]]
name = "codespell"
version = "2.2.4"
description = "Codespell"
category = "dev"
optional = false
python-versions = ">=3.7"
files = [
    {file = "codespell-2.2.4-py3-none-any.whl", hash = "sha256:7d984b8130108e6f82524b7d09f8b7bf2fb1e398c5d4b37d9e2bd310145b3e29"},
    {file = "codespell-2.2.4.tar.gz", hash = "sha256:0b4620473c257d9cde1ff8998b26b2bb209a35c2b7489f5dc3436024298ce83a"},
]

[package.extras]
dev = ["Pygments", "build", "chardet", "flake8", "flake8-pyproject", "pytest", "pytest-cov", "pytest-dependency", "tomli"]
hard-encoding-detection = ["chardet"]
toml = ["tomli"]
types = ["chardet (>=5.1.0)", "mypy", "pytest", "pytest-cov", "pytest-dependency"]

[metadata]
lock-version = "2.0"
python-versions = "^3.9"
content-hash = "265285d5187fc3b2e6d17ad9115fbc41510adb39dea5385de3351baf0cd00529"
